
Microsoft Visual Studio Solution File, Format Version 12.00
# Visual Studio Version 17
VisualStudioVersion = 17.5.33530.505
MinimumVisualStudioVersion = 10.0.40219.1
Project("{FAE04EC0-301F-11D3-BF4B-00C04F79EFBC}") = "Primer Proyecto", "Primer Proyecto.csproj", "{DCDF050A-99D7-4569-B172-62D7078C52E8}"
EndProject
Global
	GlobalSection(SolutionConfigurationPlatforms) = preSolution
		Debug|Any CPU = Debug|Any CPU
		Release|Any CPU = Release|Any CPU
	EndGlobalSection
	GlobalSection(ProjectConfigurationPlatforms) = postSolution
		{DCDF050A-99D7-4569-B172-62D7078C52E8}.Debug|Any CPU.ActiveCfg = Debug|Any CPU
		{DCDF050A-99D7-4569-B172-62D7078C52E8}.Debug|Any CPU.Build.0 = Debug|Any CPU
		{DCDF050A-99D7-4569-B172-62D7078C52E8}.Release|Any CPU.ActiveCfg = Release|Any CPU
		{DCDF050A-99D7-4569-B172-62D7078C52E8}.Release|Any CPU.Build.0 = Release|Any CPU
	EndGlobalSection
	GlobalSection(SolutionProperties) = preSolution
		HideSolutionNode = FALSE
	EndGlobalSection
	GlobalSection(ExtensibilityGlobals) = postSolution
		SolutionGuid = {B14F3318-02B7-4A1A-A903-FD3C54F0DA07}
	EndGlobalSection
EndGlobal
